// !$*UTF8*$!
{
	archiveVersion = 1;
	classes = {
	};
	objectVersion = 46;
	objects = {

/* Begin PBXBuildFile section */
		4394C46524ABD0B908444DFE /* libPods.a in Frameworks */ = {isa = PBXBuildFile; fileRef = 38C635FE35714DED4E90D60E /* libPods.a */; };
		5F832DE71B6C02E100D9AD2E /* main.m in Sources */ = {isa = PBXBuildFile; fileRef = 5F832DE61B6C02E100D9AD2E /* main.m */; };
		5F832DEA1B6C02E100D9AD2E /* AppDelegate.m in Sources */ = {isa = PBXBuildFile; fileRef = 5F832DE91B6C02E100D9AD2E /* AppDelegate.m */; };
		5F832DED1B6C02E100D9AD2E /* AFCardViewController.m in Sources */ = {isa = PBXBuildFile; fileRef = 5F832DEC1B6C02E100D9AD2E /* AFCardViewController.m */; };
		5F832DF01B6C02E100D9AD2E /* Main.storyboard in Resources */ = {isa = PBXBuildFile; fileRef = 5F832DEE1B6C02E100D9AD2E /* Main.storyboard */; };
		5F832DF21B6C02E100D9AD2E /* Images.xcassets in Resources */ = {isa = PBXBuildFile; fileRef = 5F832DF11B6C02E100D9AD2E /* Images.xcassets */; };
		5F832DF51B6C02E100D9AD2E /* LaunchScreen.xib in Resources */ = {isa = PBXBuildFile; fileRef = 5F832DF31B6C02E100D9AD2E /* LaunchScreen.xib */; };
		5F832E011B6C02E100D9AD2E /* AirFiveiOSTests.m in Sources */ = {isa = PBXBuildFile; fileRef = 5F832E001B6C02E100D9AD2E /* AirFiveiOSTests.m */; };
		8B2D19FB1B6C1C8600C62B49 /* AFEmailManager.m in Sources */ = {isa = PBXBuildFile; fileRef = 8B2D19FA1B6C1C8600C62B49 /* AFEmailManager.m */; };
		8B2D19FE1B6C3E5D00C62B49 /* Contactcard.html in Resources */ = {isa = PBXBuildFile; fileRef = 8B2D19FC1B6C3E5D00C62B49 /* Contactcard.html */; };
		8B2D19FF1B6C3E5D00C62B49 /* contactInfo.vcf in Resources */ = {isa = PBXBuildFile; fileRef = 8B2D19FD1B6C3E5D00C62B49 /* contactInfo.vcf */; };
		8B2D1A021B6C59CB00C62B49 /* UIColor+AirFive.m in Sources */ = {isa = PBXBuildFile; fileRef = 8B2D1A011B6C59CB00C62B49 /* UIColor+AirFive.m */; };
/* End PBXBuildFile section */

/* Begin PBXContainerItemProxy section */
		5F832DFB1B6C02E100D9AD2E /* PBXContainerItemProxy */ = {
			isa = PBXContainerItemProxy;
			containerPortal = 5F832DD91B6C02E000D9AD2E /* Project object */;
			proxyType = 1;
			remoteGlobalIDString = 5F832DE01B6C02E000D9AD2E;
			remoteInfo = AirFiveiOS;
		};
/* End PBXContainerItemProxy section */

/* Begin PBXFileReference section */
		2DD9B26F489E36BA915EC372 /* Pods.release.xcconfig */ = {isa = PBXFileReference; includeInIndex = 1; lastKnownFileType = text.xcconfig; name = Pods.release.xcconfig; path = "Pods/Target Support Files/Pods/Pods.release.xcconfig"; sourceTree = "<group>"; };
		38C635FE35714DED4E90D60E /* libPods.a */ = {isa = PBXFileReference; explicitFileType = archive.ar; includeInIndex = 0; path = libPods.a; sourceTree = BUILT_PRODUCTS_DIR; };
		5F832DE11B6C02E000D9AD2E /* AirFiveiOS.app */ = {isa = PBXFileReference; explicitFileType = wrapper.application; includeInIndex = 0; path = AirFiveiOS.app; sourceTree = BUILT_PRODUCTS_DIR; };
		5F832DE51B6C02E000D9AD2E /* Info.plist */ = {isa = PBXFileReference; lastKnownFileType = text.plist.xml; path = Info.plist; sourceTree = "<group>"; };
		5F832DE61B6C02E100D9AD2E /* main.m */ = {isa = PBXFileReference; lastKnownFileType = sourcecode.c.objc; path = main.m; sourceTree = "<group>"; };
		5F832DE81B6C02E100D9AD2E /* AppDelegate.h */ = {isa = PBXFileReference; lastKnownFileType = sourcecode.c.h; path = AppDelegate.h; sourceTree = "<group>"; };
		5F832DE91B6C02E100D9AD2E /* AppDelegate.m */ = {isa = PBXFileReference; lastKnownFileType = sourcecode.c.objc; path = AppDelegate.m; sourceTree = "<group>"; };
		5F832DEB1B6C02E100D9AD2E /* AFCardViewController.h */ = {isa = PBXFileReference; lastKnownFileType = sourcecode.c.h; path = AFCardViewController.h; sourceTree = "<group>"; };
		5F832DEC1B6C02E100D9AD2E /* AFCardViewController.m */ = {isa = PBXFileReference; lastKnownFileType = sourcecode.c.objc; path = AFCardViewController.m; sourceTree = "<group>"; };
		5F832DEF1B6C02E100D9AD2E /* Base */ = {isa = PBXFileReference; lastKnownFileType = file.storyboard; name = Base; path = Base.lproj/Main.storyboard; sourceTree = "<group>"; };
		5F832DF11B6C02E100D9AD2E /* Images.xcassets */ = {isa = PBXFileReference; lastKnownFileType = folder.assetcatalog; path = Images.xcassets; sourceTree = "<group>"; };
		5F832DF41B6C02E100D9AD2E /* Base */ = {isa = PBXFileReference; lastKnownFileType = file.xib; name = Base; path = Base.lproj/LaunchScreen.xib; sourceTree = "<group>"; };
		5F832DFA1B6C02E100D9AD2E /* AirFiveiOSTests.xctest */ = {isa = PBXFileReference; explicitFileType = wrapper.cfbundle; includeInIndex = 0; path = AirFiveiOSTests.xctest; sourceTree = BUILT_PRODUCTS_DIR; };
		5F832DFF1B6C02E100D9AD2E /* Info.plist */ = {isa = PBXFileReference; lastKnownFileType = text.plist.xml; path = Info.plist; sourceTree = "<group>"; };
		5F832E001B6C02E100D9AD2E /* AirFiveiOSTests.m */ = {isa = PBXFileReference; lastKnownFileType = sourcecode.c.objc; path = AirFiveiOSTests.m; sourceTree = "<group>"; };
		8B2D19F91B6C1C8600C62B49 /* AFEmailManager.h */ = {isa = PBXFileReference; fileEncoding = 4; lastKnownFileType = sourcecode.c.h; path = AFEmailManager.h; sourceTree = "<group>"; };
		8B2D19FA1B6C1C8600C62B49 /* AFEmailManager.m */ = {isa = PBXFileReference; fileEncoding = 4; lastKnownFileType = sourcecode.c.objc; path = AFEmailManager.m; sourceTree = "<group>"; };
		8B2D19FC1B6C3E5D00C62B49 /* Contactcard.html */ = {isa = PBXFileReference; fileEncoding = 4; lastKnownFileType = text.html; path = Contactcard.html; sourceTree = "<group>"; };
		8B2D19FD1B6C3E5D00C62B49 /* contactInfo.vcf */ = {isa = PBXFileReference; fileEncoding = 4; lastKnownFileType = text; path = contactInfo.vcf; sourceTree = "<group>"; };
		8B2D1A001B6C59CB00C62B49 /* UIColor+AirFive.h */ = {isa = PBXFileReference; fileEncoding = 4; lastKnownFileType = sourcecode.c.h; path = "UIColor+AirFive.h"; sourceTree = "<group>"; };
		8B2D1A011B6C59CB00C62B49 /* UIColor+AirFive.m */ = {isa = PBXFileReference; fileEncoding = 4; lastKnownFileType = sourcecode.c.objc; path = "UIColor+AirFive.m"; sourceTree = "<group>"; };
		F3446B775C9EA510F4749F88 /* Pods.debug.xcconfig */ = {isa = PBXFileReference; includeInIndex = 1; lastKnownFileType = text.xcconfig; name = Pods.debug.xcconfig; path = "Pods/Target Support Files/Pods/Pods.debug.xcconfig"; sourceTree = "<group>"; };
/* End PBXFileReference section */

/* Begin PBXFrameworksBuildPhase section */
		5F832DDE1B6C02E000D9AD2E /* Frameworks */ = {
			isa = PBXFrameworksBuildPhase;
			buildActionMask = 2147483647;
			files = (
				4394C46524ABD0B908444DFE /* libPods.a in Frameworks */,
			);
			runOnlyForDeploymentPostprocessing = 0;
		};
		5F832DF71B6C02E100D9AD2E /* Frameworks */ = {
			isa = PBXFrameworksBuildPhase;
			buildActionMask = 2147483647;
			files = (
			);
			runOnlyForDeploymentPostprocessing = 0;
		};
/* End PBXFrameworksBuildPhase section */

/* Begin PBXGroup section */
		07CB027BA7AA455B1BF0D49B /* Pods */ = {
			isa = PBXGroup;
			children = (
				F3446B775C9EA510F4749F88 /* Pods.debug.xcconfig */,
				2DD9B26F489E36BA915EC372 /* Pods.release.xcconfig */,
			);
			name = Pods;
			sourceTree = "<group>";
		};
		5F832DD81B6C02E000D9AD2E = {
			isa = PBXGroup;
			children = (
				5F832DE31B6C02E000D9AD2E /* AirFiveiOS */,
				5F832DFD1B6C02E100D9AD2E /* AirFiveiOSTests */,
				5F832DE21B6C02E000D9AD2E /* Products */,
				07CB027BA7AA455B1BF0D49B /* Pods */,
				6CD305C3CA7B823251D77BA1 /* Frameworks */,
			);
			sourceTree = "<group>";
		};
		5F832DE21B6C02E000D9AD2E /* Products */ = {
			isa = PBXGroup;
			children = (
				5F832DE11B6C02E000D9AD2E /* AirFiveiOS.app */,
				5F832DFA1B6C02E100D9AD2E /* AirFiveiOSTests.xctest */,
			);
			name = Products;
			sourceTree = "<group>";
		};
		5F832DE31B6C02E000D9AD2E /* AirFiveiOS */ = {
			isa = PBXGroup;
			children = (
				8B2D19F81B6C03E800C62B49 /* Storyboard */,
				8B2D19F71B6C03C900C62B49 /* Utilities */,
				8B2D19F61B6C03C100C62B49 /* View Controller */,
				8B2D19F51B6C03BA00C62B49 /* View */,
				8B2D19F41B6C03AA00C62B49 /* Model */,
				5F832DE41B6C02E000D9AD2E /* Supporting Files */,
				8B2D19FC1B6C3E5D00C62B49 /* Contactcard.html */,
				8B2D19FD1B6C3E5D00C62B49 /* contactInfo.vcf */,
			);
			path = AirFiveiOS;
			sourceTree = "<group>";
		};
		5F832DE41B6C02E000D9AD2E /* Supporting Files */ = {
			isa = PBXGroup;
			children = (
				5F832DE81B6C02E100D9AD2E /* AppDelegate.h */,
				5F832DE91B6C02E100D9AD2E /* AppDelegate.m */,
				5F832DE51B6C02E000D9AD2E /* Info.plist */,
				5F832DE61B6C02E100D9AD2E /* main.m */,
				5F832DF11B6C02E100D9AD2E /* Images.xcassets */,
				5F832DF31B6C02E100D9AD2E /* LaunchScreen.xib */,
			);
			name = "Supporting Files";
			sourceTree = "<group>";
		};
		5F832DFD1B6C02E100D9AD2E /* AirFiveiOSTests */ = {
			isa = PBXGroup;
			children = (
				5F832E001B6C02E100D9AD2E /* AirFiveiOSTests.m */,
				5F832DFE1B6C02E100D9AD2E /* Supporting Files */,
			);
			path = AirFiveiOSTests;
			sourceTree = "<group>";
		};
		5F832DFE1B6C02E100D9AD2E /* Supporting Files */ = {
			isa = PBXGroup;
			children = (
				5F832DFF1B6C02E100D9AD2E /* Info.plist */,
			);
			name = "Supporting Files";
			sourceTree = "<group>";
		};
		6CD305C3CA7B823251D77BA1 /* Frameworks */ = {
			isa = PBXGroup;
			children = (
				38C635FE35714DED4E90D60E /* libPods.a */,
			);
			name = Frameworks;
			sourceTree = "<group>";
		};
		8B2D19F41B6C03AA00C62B49 /* Model */ = {
			isa = PBXGroup;
			children = (
			);
			name = Model;
			sourceTree = "<group>";
		};
		8B2D19F51B6C03BA00C62B49 /* View */ = {
			isa = PBXGroup;
			children = (
			);
			name = View;
			sourceTree = "<group>";
		};
		8B2D19F61B6C03C100C62B49 /* View Controller */ = {
			isa = PBXGroup;
			children = (
				5F832DEB1B6C02E100D9AD2E /* AFCardViewController.h */,
				5F832DEC1B6C02E100D9AD2E /* AFCardViewController.m */,
			);
			name = "View Controller";
			sourceTree = "<group>";
		};
		8B2D19F71B6C03C900C62B49 /* Utilities */ = {
			isa = PBXGroup;
			children = (
				8B2D19F91B6C1C8600C62B49 /* AFEmailManager.h */,
				8B2D19FA1B6C1C8600C62B49 /* AFEmailManager.m */,
				8B2D1A001B6C59CB00C62B49 /* UIColor+AirFive.h */,
				8B2D1A011B6C59CB00C62B49 /* UIColor+AirFive.m */,
			);
			name = Utilities;
			sourceTree = "<group>";
		};
		8B2D19F81B6C03E800C62B49 /* Storyboard */ = {
			isa = PBXGroup;
			children = (
				5F832DEE1B6C02E100D9AD2E /* Main.storyboard */,
			);
			name = Storyboard;
			sourceTree = "<group>";
		};
/* End PBXGroup section */

/* Begin PBXNativeTarget section */
		5F832DE01B6C02E000D9AD2E /* AirFiveiOS */ = {
			isa = PBXNativeTarget;
			buildConfigurationList = 5F832E041B6C02E100D9AD2E /* Build configuration list for PBXNativeTarget "AirFiveiOS" */;
			buildPhases = (
				E883D5D1C8C9FFB027E6C0BA /* Check Pods Manifest.lock */,
				5F832DDD1B6C02E000D9AD2E /* Sources */,
				5F832DDE1B6C02E000D9AD2E /* Frameworks */,
				5F832DDF1B6C02E000D9AD2E /* Resources */,
				22E89CC62E6D5D744396E858 /* Copy Pods Resources */,
			);
			buildRules = (
			);
			dependencies = (
			);
			name = AirFiveiOS;
			productName = AirFiveiOS;
			productReference = 5F832DE11B6C02E000D9AD2E /* AirFiveiOS.app */;
			productType = "com.apple.product-type.application";
		};
		5F832DF91B6C02E100D9AD2E /* AirFiveiOSTests */ = {
			isa = PBXNativeTarget;
			buildConfigurationList = 5F832E071B6C02E100D9AD2E /* Build configuration list for PBXNativeTarget "AirFiveiOSTests" */;
			buildPhases = (
				5F832DF61B6C02E100D9AD2E /* Sources */,
				5F832DF71B6C02E100D9AD2E /* Frameworks */,
				5F832DF81B6C02E100D9AD2E /* Resources */,
			);
			buildRules = (
			);
			dependencies = (
				5F832DFC1B6C02E100D9AD2E /* PBXTargetDependency */,
			);
			name = AirFiveiOSTests;
			productName = AirFiveiOSTests;
			productReference = 5F832DFA1B6C02E100D9AD2E /* AirFiveiOSTests.xctest */;
			productType = "com.apple.product-type.bundle.unit-test";
		};
/* End PBXNativeTarget section */

/* Begin PBXProject section */
		5F832DD91B6C02E000D9AD2E /* Project object */ = {
			isa = PBXProject;
			attributes = {
				LastUpgradeCheck = 0640;
				ORGANIZATIONNAME = AirFive;
				TargetAttributes = {
					5F832DE01B6C02E000D9AD2E = {
						CreatedOnToolsVersion = 6.4;
					};
					5F832DF91B6C02E100D9AD2E = {
						CreatedOnToolsVersion = 6.4;
						TestTargetID = 5F832DE01B6C02E000D9AD2E;
					};
				};
			};
			buildConfigurationList = 5F832DDC1B6C02E000D9AD2E /* Build configuration list for PBXProject "AirFiveiOS" */;
			compatibilityVersion = "Xcode 3.2";
			developmentRegion = English;
			hasScannedForEncodings = 0;
			knownRegions = (
				en,
				Base,
			);
			mainGroup = 5F832DD81B6C02E000D9AD2E;
			productRefGroup = 5F832DE21B6C02E000D9AD2E /* Products */;
			projectDirPath = "";
			projectRoot = "";
			targets = (
				5F832DE01B6C02E000D9AD2E /* AirFiveiOS */,
				5F832DF91B6C02E100D9AD2E /* AirFiveiOSTests */,
			);
		};
/* End PBXProject section */

/* Begin PBXResourcesBuildPhase section */
		5F832DDF1B6C02E000D9AD2E /* Resources */ = {
			isa = PBXResourcesBuildPhase;
			buildActionMask = 2147483647;
			files = (
				5F832DF01B6C02E100D9AD2E /* Main.storyboard in Resources */,
				8B2D19FE1B6C3E5D00C62B49 /* Contactcard.html in Resources */,
				5F832DF51B6C02E100D9AD2E /* LaunchScreen.xib in Resources */,
				5F832DF21B6C02E100D9AD2E /* Images.xcassets in Resources */,
				8B2D19FF1B6C3E5D00C62B49 /* contactInfo.vcf in Resources */,
			);
			runOnlyForDeploymentPostprocessing = 0;
		};
		5F832DF81B6C02E100D9AD2E /* Resources */ = {
			isa = PBXResourcesBuildPhase;
			buildActionMask = 2147483647;
			files = (
			);
			runOnlyForDeploymentPostprocessing = 0;
		};
/* End PBXResourcesBuildPhase section */

/* Begin PBXShellScriptBuildPhase section */
		22E89CC62E6D5D744396E858 /* Copy Pods Resources */ = {
			isa = PBXShellScriptBuildPhase;
			buildActionMask = 2147483647;
			files = (
			);
			inputPaths = (
			);
			name = "Copy Pods Resources";
			outputPaths = (
			);
			runOnlyForDeploymentPostprocessing = 0;
			shellPath = /bin/sh;
			shellScript = "\"${SRCROOT}/Pods/Target Support Files/Pods/Pods-resources.sh\"\n";
			showEnvVarsInLog = 0;
		};
		E883D5D1C8C9FFB027E6C0BA /* Check Pods Manifest.lock */ = {
			isa = PBXShellScriptBuildPhase;
			buildActionMask = 2147483647;
			files = (
			);
			inputPaths = (
			);
			name = "Check Pods Manifest.lock";
			outputPaths = (
			);
			runOnlyForDeploymentPostprocessing = 0;
			shellPath = /bin/sh;
			shellScript = "diff \"${PODS_ROOT}/../Podfile.lock\" \"${PODS_ROOT}/Manifest.lock\" > /dev/null\nif [[ $? != 0 ]] ; then\n    cat << EOM\nerror: The sandbox is not in sync with the Podfile.lock. Run 'pod install' or update your CocoaPods installation.\nEOM\n    exit 1\nfi\n";
			showEnvVarsInLog = 0;
		};
/* End PBXShellScriptBuildPhase section */

/* Begin PBXSourcesBuildPhase section */
		5F832DDD1B6C02E000D9AD2E /* Sources */ = {
			isa = PBXSourcesBuildPhase;
			buildActionMask = 2147483647;
			files = (
				8B2D1A021B6C59CB00C62B49 /* UIColor+AirFive.m in Sources */,
				5F832DED1B6C02E100D9AD2E /* AFCardViewController.m in Sources */,
				8B2D19FB1B6C1C8600C62B49 /* AFEmailManager.m in Sources */,
				5F832DEA1B6C02E100D9AD2E /* AppDelegate.m in Sources */,
				5F832DE71B6C02E100D9AD2E /* main.m in Sources */,
			);
			runOnlyForDeploymentPostprocessing = 0;
		};
		5F832DF61B6C02E100D9AD2E /* Sources */ = {
			isa = PBXSourcesBuildPhase;
			buildActionMask = 2147483647;
			files = (
				5F832E011B6C02E100D9AD2E /* AirFiveiOSTests.m in Sources */,
			);
			runOnlyForDeploymentPostprocessing = 0;
		};
/* End PBXSourcesBuildPhase section */

/* Begin PBXTargetDependency section */
		5F832DFC1B6C02E100D9AD2E /* PBXTargetDependency */ = {
			isa = PBXTargetDependency;
			target = 5F832DE01B6C02E000D9AD2E /* AirFiveiOS */;
			targetProxy = 5F832DFB1B6C02E100D9AD2E /* PBXContainerItemProxy */;
		};
/* End PBXTargetDependency section */

/* Begin PBXVariantGroup section */
		5F832DEE1B6C02E100D9AD2E /* Main.storyboard */ = {
			isa = PBXVariantGroup;
			children = (
				5F832DEF1B6C02E100D9AD2E /* Base */,
			);
			name = Main.storyboard;
			sourceTree = "<group>";
		};
		5F832DF31B6C02E100D9AD2E /* LaunchScreen.xib */ = {
			isa = PBXVariantGroup;
			children = (
				5F832DF41B6C02E100D9AD2E /* Base */,
			);
			name = LaunchScreen.xib;
			sourceTree = "<group>";
		};
/* End PBXVariantGroup section */

/* Begin XCBuildConfiguration section */
		5F832E021B6C02E100D9AD2E /* Debug */ = {
			isa = XCBuildConfiguration;
			buildSettings = {
				ALWAYS_SEARCH_USER_PATHS = NO;
				CLANG_CXX_LANGUAGE_STANDARD = "gnu++0x";
				CLANG_CXX_LIBRARY = "libc++";
				CLANG_ENABLE_MODULES = YES;
				CLANG_ENABLE_OBJC_ARC = YES;
				CLANG_WARN_BOOL_CONVERSION = YES;
				CLANG_WARN_CONSTANT_CONVERSION = YES;
				CLANG_WARN_DIRECT_OBJC_ISA_USAGE = YES_ERROR;
				CLANG_WARN_EMPTY_BODY = YES;
				CLANG_WARN_ENUM_CONVERSION = YES;
				CLANG_WARN_INT_CONVERSION = YES;
				CLANG_WARN_OBJC_ROOT_CLASS = YES_ERROR;
				CLANG_WARN_UNREACHABLE_CODE = YES;
				CLANG_WARN__DUPLICATE_METHOD_MATCH = YES;
				"CODE_SIGN_IDENTITY[sdk=iphoneos*]" = "iPhone Developer";
				COPY_PHASE_STRIP = NO;
				DEBUG_INFORMATION_FORMAT = "dwarf-with-dsym";
				ENABLE_STRICT_OBJC_MSGSEND = YES;
				GCC_C_LANGUAGE_STANDARD = gnu99;
				GCC_DYNAMIC_NO_PIC = NO;
				GCC_NO_COMMON_BLOCKS = YES;
				GCC_OPTIMIZATION_LEVEL = 0;
				GCC_PREPROCESSOR_DEFINITIONS = (
					"DEBUG=1",
					"$(inherited)",
				);
				GCC_SYMBOLS_PRIVATE_EXTERN = NO;
				GCC_WARN_64_TO_32_BIT_CONVERSION = YES;
				GCC_WARN_ABOUT_RETURN_TYPE = YES_ERROR;
				GCC_WARN_UNDECLARED_SELECTOR = YES;
				GCC_WARN_UNINITIALIZED_AUTOS = YES_AGGRESSIVE;
				GCC_WARN_UNUSED_FUNCTION = YES;
				GCC_WARN_UNUSED_VARIABLE = YES;
				IPHONEOS_DEPLOYMENT_TARGET = 8.4;
				MTL_ENABLE_DEBUG_INFO = YES;
				ONLY_ACTIVE_ARCH = YES;
				SDKROOT = iphoneos;
			};
			name = Debug;
		};
		5F832E031B6C02E100D9AD2E /* Release */ = {
			isa = XCBuildConfiguration;
			buildSettings = {
				ALWAYS_SEARCH_USER_PATHS = NO;
				CLANG_CXX_LANGUAGE_STANDARD = "gnu++0x";
				CLANG_CXX_LIBRARY = "libc++";
				CLANG_ENABLE_MODULES = YES;
				CLANG_ENABLE_OBJC_ARC = YES;
				CLANG_WARN_BOOL_CONVERSION = YES;
				CLANG_WARN_CONSTANT_CONVERSION = YES;
				CLANG_WARN_DIRECT_OBJC_ISA_USAGE = YES_ERROR;
				CLANG_WARN_EMPTY_BODY = YES;
				CLANG_WARN_ENUM_CONVERSION = YES;
				CLANG_WARN_INT_CONVERSION = YES;
				CLANG_WARN_OBJC_ROOT_CLASS = YES_ERROR;
				CLANG_WARN_UNREACHABLE_CODE = YES;
				CLANG_WARN__DUPLICATE_METHOD_MATCH = YES;
				"CODE_SIGN_IDENTITY[sdk=iphoneos*]" = "iPhone Developer";
				COPY_PHASE_STRIP = NO;
				DEBUG_INFORMATION_FORMAT = "dwarf-with-dsym";
				ENABLE_NS_ASSERTIONS = NO;
				ENABLE_STRICT_OBJC_MSGSEND = YES;
				GCC_C_LANGUAGE_STANDARD = gnu99;
				GCC_NO_COMMON_BLOCKS = YES;
				GCC_WARN_64_TO_32_BIT_CONVERSION = YES;
				GCC_WARN_ABOUT_RETURN_TYPE = YES_ERROR;
				GCC_WARN_UNDECLARED_SELECTOR = YES;
				GCC_WARN_UNINITIALIZED_AUTOS = YES_AGGRESSIVE;
				GCC_WARN_UNUSED_FUNCTION = YES;
				GCC_WARN_UNUSED_VARIABLE = YES;
				IPHONEOS_DEPLOYMENT_TARGET = 8.4;
				MTL_ENABLE_DEBUG_INFO = NO;
				SDKROOT = iphoneos;
				VALIDATE_PRODUCT = YES;
			};
			name = Release;
		};
		5F832E051B6C02E100D9AD2E /* Debug */ = {
			isa = XCBuildConfiguration;
			baseConfigurationReference = F3446B775C9EA510F4749F88 /* Pods.debug.xcconfig */;
			buildSettings = {
				ASSETCATALOG_COMPILER_APPICON_NAME = AppIcon;
				INFOPLIST_FILE = AirFiveiOS/Info.plist;
				LD_RUNPATH_SEARCH_PATHS = "$(inherited) @executable_path/Frameworks";
				PRODUCT_NAME = "$(TARGET_NAME)";
			};
			name = Debug;
		};
		5F832E061B6C02E100D9AD2E /* Release */ = {
			isa = XCBuildConfiguration;
			baseConfigurationReference = 2DD9B26F489E36BA915EC372 /* Pods.release.xcconfig */;
			buildSettings = {
				ASSETCATALOG_COMPILER_APPICON_NAME = AppIcon;
				INFOPLIST_FILE = AirFiveiOS/Info.plist;
				LD_RUNPATH_SEARCH_PATHS = "$(inherited) @executable_path/Frameworks";
				PRODUCT_NAME = "$(TARGET_NAME)";
			};
			name = Release;
		};
		5F832E081B6C02E100D9AD2E /* Debug */ = {
			isa = XCBuildConfiguration;
			buildSettings = {
				BUNDLE_LOADER = "$(TEST_HOST)";
				FRAMEWORK_SEARCH_PATHS = (
					"$(SDKROOT)/Developer/Library/Frameworks",
					"$(inherited)",
				);
				GCC_PREPROCESSOR_DEFINITIONS = (
					"DEBUG=1",
					"$(inherited)",
				);
				INFOPLIST_FILE = AirFiveiOSTests/Info.plist;
				LD_RUNPATH_SEARCH_PATHS = "$(inherited) @executable_path/Frameworks @loader_path/Frameworks";
				PRODUCT_NAME = "$(TARGET_NAME)";
				TEST_HOST = "$(BUILT_PRODUCTS_DIR)/AirFiveiOS.app/AirFiveiOS";
			};
			name = Debug;
		};
		5F832E091B6C02E100D9AD2E /* Release */ = {
			isa = XCBuildConfiguration;
			buildSettings = {
				BUNDLE_LOADER = "$(TEST_HOST)";
				FRAMEWORK_SEARCH_PATHS = (
					"$(SDKROOT)/Developer/Library/Frameworks",
					"$(inherited)",
				);
				INFOPLIST_FILE = AirFiveiOSTests/Info.plist;
				LD_RUNPATH_SEARCH_PATHS = "$(inherited) @executable_path/Frameworks @loader_path/Frameworks";
				PRODUCT_NAME = "$(TARGET_NAME)";
				TEST_HOST = "$(BUILT_PRODUCTS_DIR)/AirFiveiOS.app/AirFiveiOS";
			};
			name = Release;
		};
/* End XCBuildConfiguration section */

/* Begin XCConfigurationList section */
		5F832DDC1B6C02E000D9AD2E /* Build configuration list for PBXProject "AirFiveiOS" */ = {
			isa = XCConfigurationList;
			buildConfigurations = (
				5F832E021B6C02E100D9AD2E /* Debug */,
				5F832E031B6C02E100D9AD2E /* Release */,
			);
			defaultConfigurationIsVisible = 0;
			defaultConfigurationName = Release;
		};
		5F832E041B6C02E100D9AD2E /* Build configuration list for PBXNativeTarget "AirFiveiOS" */ = {
			isa = XCConfigurationList;
			buildConfigurations = (
				5F832E051B6C02E100D9AD2E /* Debug */,
				5F832E061B6C02E100D9AD2E /* Release */,
			);
			defaultConfigurationIsVisible = 0;
			defaultConfigurationName = Release;
		};
		5F832E071B6C02E100D9AD2E /* Build configuration list for PBXNativeTarget "AirFiveiOSTests" */ = {
			isa = XCConfigurationList;
			buildConfigurations = (
				5F832E081B6C02E100D9AD2E /* Debug */,
				5F832E091B6C02E100D9AD2E /* Release */,
			);
			defaultConfigurationIsVisible = 0;
			defaultConfigurationName = Release;
		};
/* End XCConfigurationList section */
	};
	rootObject = 5F832DD91B6C02E000D9AD2E /* Project object */;
}
